
Microsoft Visual Studio Solution File, Format Version 12.00
# Visual Studio Version 16
VisualStudioVersion = 16.0.31702.278
MinimumVisualStudioVersion = 10.0.40219.1
Project("{FAE04EC0-301F-11D3-BF4B-00C04F79EFBC}") = "IdleStateForm", "IdleStateForm\IdleStateForm.csproj", "{5108DC5C-1E80-4491-903F-0CA3BB4665D3}"
EndProject
Global
	GlobalSection(SolutionConfigurationPlatforms) = preSolution
		Debug|Any CPU = Debug|Any CPU
		Release|Any CPU = Release|Any CPU
	EndGlobalSection
	GlobalSection(ProjectConfigurationPlatforms) = postSolution
		{5108DC5C-1E80-4491-903F-0CA3BB4665D3}.Debug|Any CPU.ActiveCfg = Debug|Any CPU
		{5108DC5C-1E80-4491-903F-0CA3BB4665D3}.Debug|Any CPU.Build.0 = Debug|Any CPU
		{5108DC5C-1E80-4491-903F-0CA3BB4665D3}.Release|Any CPU.ActiveCfg = Release|Any CPU
		{5108DC5C-1E80-4491-903F-0CA3BB4665D3}.Release|Any CPU.Build.0 = Release|Any CPU
	EndGlobalSection
	GlobalSection(SolutionProperties) = preSolution
		HideSolutionNode = FALSE
	EndGlobalSection
	GlobalSection(ExtensibilityGlobals) = postSolution
		SolutionGuid = {D6820E84-0BD3-4279-BD18-37E23C4E46F0}
	EndGlobalSection
EndGlobal
